
Microsoft Visual Studio Solution File, Format Version 12.00
# Visual Studio Version 17
VisualStudioVersion = 17.5.002.0
MinimumVisualStudioVersion = 10.0.40219.1
Project("{9A19103F-16F7-4668-BE54-9A1E7A4F7556}") = "xoaphantukhoimang", "xoaphantukhoimang.csproj", "{67CCDB5F-BDE7-4E4D-BBBE-90C5528483D9}"
EndProject
Global
	GlobalSection(SolutionConfigurationPlatforms) = preSolution
		Debug|Any CPU = Debug|Any CPU
		Release|Any CPU = Release|Any CPU
	EndGlobalSection
	GlobalSection(ProjectConfigurationPlatforms) = postSolution
		{67CCDB5F-BDE7-4E4D-BBBE-90C5528483D9}.Debug|Any CPU.ActiveCfg = Debug|Any CPU
		{67CCDB5F-BDE7-4E4D-BBBE-90C5528483D9}.Debug|Any CPU.Build.0 = Debug|Any CPU
		{67CCDB5F-BDE7-4E4D-BBBE-90C5528483D9}.Release|Any CPU.ActiveCfg = Release|Any CPU
		{67CCDB5F-BDE7-4E4D-BBBE-90C5528483D9}.Release|Any CPU.Build.0 = Release|Any CPU
	EndGlobalSection
	GlobalSection(SolutionProperties) = preSolution
		HideSolutionNode = FALSE
	EndGlobalSection
	GlobalSection(ExtensibilityGlobals) = postSolution
		SolutionGuid = {BA1FD221-1DB2-4C97-ADB4-6B98D47EB695}
	EndGlobalSection
EndGlobal
